
Microsoft Visual Studio Solution File, Format Version 12.00
# Visual Studio 15
VisualStudioVersion = 15.0.27703.2035
MinimumVisualStudioVersion = 10.0.40219.1
Project("{9A19103F-16F7-4668-BE54-9A1E7A4F7556}") = "CqrsPractice.WebApi", "CqrsPractice.WebApi\CqrsPractice.WebApi.csproj", "{919457C6-3431-4031-847B-A64F9A8E45CA}"
EndProject
Project("{FAE04EC0-301F-11D3-BF4B-00C04F79EFBC}") = "CqrsPractice.Application", "CqrsPractice.Application\CqrsPractice.Application.csproj", "{AEB055F0-520B-4B76-9570-B060A575DD1F}"
EndProject
Project("{2150E333-8FDC-42A3-9474-1A3956D46DE8}") = "01.Presentation", "01.Presentation", "{22127B42-3A86-46B5-85B5-F4E0DC393F6D}"
EndProject
Project("{2150E333-8FDC-42A3-9474-1A3956D46DE8}") = "02.ApiServices", "02.ApiServices", "{DDA9A411-2685-4028-8FB2-89BA30F25B25}"
EndProject
Project("{2150E333-8FDC-42A3-9474-1A3956D46DE8}") = "03.Core", "03.Core", "{78C1D79D-9FE3-478B-AB82-87C3F04C8746}"
EndProject
Project("{FAE04EC0-301F-11D3-BF4B-00C04F79EFBC}") = "CqrsPractice.Domain", "CqrsPractice.Domain\CqrsPractice.Domain.csproj", "{B05297C9-FF9B-42DC-A213-B1355781A1CD}"
EndProject
Project("{2150E333-8FDC-42A3-9474-1A3956D46DE8}") = "04.Infrastructure", "04.Infrastructure", "{D40874E0-7551-42E1-8147-2044C36768D3}"
EndProject
Project("{FAE04EC0-301F-11D3-BF4B-00C04F79EFBC}") = "CqrsPractice.Infrastructure", "CqrsPractice.Infrastructure\CqrsPractice.Infrastructure.csproj", "{BE69C7D9-3CF4-4BBB-9C6A-08799518F928}"
EndProject
Project("{FAE04EC0-301F-11D3-BF4B-00C04F79EFBC}") = "CqrsPractice.DataPersistence", "CqrsPractice.DataPersistence\CqrsPractice.DataPersistence.csproj", "{C9B0D47B-3D81-46DF-9E17-3E10E5591B7E}"
EndProject
Global
	GlobalSection(SolutionConfigurationPlatforms) = preSolution
		Debug|Any CPU = Debug|Any CPU
		Release|Any CPU = Release|Any CPU
	EndGlobalSection
	GlobalSection(ProjectConfigurationPlatforms) = postSolution
		{919457C6-3431-4031-847B-A64F9A8E45CA}.Debug|Any CPU.ActiveCfg = Debug|Any CPU
		{919457C6-3431-4031-847B-A64F9A8E45CA}.Debug|Any CPU.Build.0 = Debug|Any CPU
		{919457C6-3431-4031-847B-A64F9A8E45CA}.Release|Any CPU.ActiveCfg = Release|Any CPU
		{919457C6-3431-4031-847B-A64F9A8E45CA}.Release|Any CPU.Build.0 = Release|Any CPU
		{AEB055F0-520B-4B76-9570-B060A575DD1F}.Debug|Any CPU.ActiveCfg = Debug|Any CPU
		{AEB055F0-520B-4B76-9570-B060A575DD1F}.Debug|Any CPU.Build.0 = Debug|Any CPU
		{AEB055F0-520B-4B76-9570-B060A575DD1F}.Release|Any CPU.ActiveCfg = Release|Any CPU
		{AEB055F0-520B-4B76-9570-B060A575DD1F}.Release|Any CPU.Build.0 = Release|Any CPU
		{B05297C9-FF9B-42DC-A213-B1355781A1CD}.Debug|Any CPU.ActiveCfg = Debug|Any CPU
		{B05297C9-FF9B-42DC-A213-B1355781A1CD}.Debug|Any CPU.Build.0 = Debug|Any CPU
		{B05297C9-FF9B-42DC-A213-B1355781A1CD}.Release|Any CPU.ActiveCfg = Release|Any CPU
		{B05297C9-FF9B-42DC-A213-B1355781A1CD}.Release|Any CPU.Build.0 = Release|Any CPU
		{BE69C7D9-3CF4-4BBB-9C6A-08799518F928}.Debug|Any CPU.ActiveCfg = Debug|Any CPU
		{BE69C7D9-3CF4-4BBB-9C6A-08799518F928}.Debug|Any CPU.Build.0 = Debug|Any CPU
		{BE69C7D9-3CF4-4BBB-9C6A-08799518F928}.Release|Any CPU.ActiveCfg = Release|Any CPU
		{BE69C7D9-3CF4-4BBB-9C6A-08799518F928}.Release|Any CPU.Build.0 = Release|Any CPU
		{C9B0D47B-3D81-46DF-9E17-3E10E5591B7E}.Debug|Any CPU.ActiveCfg = Debug|Any CPU
		{C9B0D47B-3D81-46DF-9E17-3E10E5591B7E}.Debug|Any CPU.Build.0 = Debug|Any CPU
		{C9B0D47B-3D81-46DF-9E17-3E10E5591B7E}.Release|Any CPU.ActiveCfg = Release|Any CPU
		{C9B0D47B-3D81-46DF-9E17-3E10E5591B7E}.Release|Any CPU.Build.0 = Release|Any CPU
	EndGlobalSection
	GlobalSection(SolutionProperties) = preSolution
		HideSolutionNode = FALSE
	EndGlobalSection
	GlobalSection(NestedProjects) = preSolution
		{919457C6-3431-4031-847B-A64F9A8E45CA} = {DDA9A411-2685-4028-8FB2-89BA30F25B25}
		{AEB055F0-520B-4B76-9570-B060A575DD1F} = {78C1D79D-9FE3-478B-AB82-87C3F04C8746}
		{B05297C9-FF9B-42DC-A213-B1355781A1CD} = {78C1D79D-9FE3-478B-AB82-87C3F04C8746}
		{BE69C7D9-3CF4-4BBB-9C6A-08799518F928} = {D40874E0-7551-42E1-8147-2044C36768D3}
		{C9B0D47B-3D81-46DF-9E17-3E10E5591B7E} = {D40874E0-7551-42E1-8147-2044C36768D3}
	EndGlobalSection
	GlobalSection(ExtensibilityGlobals) = postSolution
		SolutionGuid = {D305FB76-4070-4F30-9480-61B27B5B6A66}
	EndGlobalSection
EndGlobal
